<?xml version="1.0" encoding="utf-8"?>
<Project ToolsVersion="4.0" xmlns="http://schemas.microsoft.com/developer/msbuild/2003">
  <ItemGroup>
    <Filter Include="Shapes">
      <UniqueIdentifier>{5ed6ce20-2bec-41ee-8a9f-43f50cd34132}</UniqueIdentifier>
    </Filter>
  </ItemGroup>
  <ItemGroup>
    <ClInclude Include="Ellipse.h">
      <Filter>Shapes</Filter>
    </ClInclude>
    <ClInclude Include="Rectangle.h">
      <Filter>Shapes</Filter>
    </ClInclude>
    <ClInclude Include="RegularPolygon.h">
      <Filter>Shapes</Filter>
    </ClInclude>
    <ClInclude Include="Shape.h">
      <Filter>Shapes</Filter>
    </ClInclude>
    <ClInclude Include="Triangle.h">
      <Filter>Shapes</Filter>
    </ClInclude>
    <ClInclude Include="Color.h" />
    <ClInclude Include="Designer.h" />
    <ClInclude Include="ICanvas.h" />
    <ClInclude Include="IShapeFactory.h" />
    <ClInclude Include="Painter.h" />
    <ClInclude Include="pch.h" />
    <ClInclude Include="PictureDraft.h" />
    <ClInclude Include="Point.h" />
  </ItemGroup>
  <ItemGroup>
    <ClCompile Include="Ellipse.cpp">
      <Filter>Shapes</Filter>
    </ClCompile>
    <ClCompile Include="Rectangle.cpp">
      <Filter>Shapes</Filter>
    </ClCompile>
    <ClCompile Include="RegularPolygon.cpp">
      <Filter>Shapes</Filter>
    </ClCompile>
    <ClCompile Include="Triangle.cpp">
      <Filter>Shapes</Filter>
    </ClCompile>
    <ClCompile Include="Shape.cpp">
      <Filter>Shapes</Filter>
    </ClCompile>
    <ClCompile Include="Designer.cpp" />
    <ClCompile Include="main.cpp" />
    <ClCompile Include="Painter.cpp" />
    <ClCompile Include="pch.cpp" />
    <ClCompile Include="PictureDraft.cpp" />
  </ItemGroup>
</Project>