
Microsoft Visual Studio Solution File, Format Version 12.00
# Visual Studio 15
VisualStudioVersion = 15.0.28307.705
MinimumVisualStudioVersion = 10.0.40219.1
Project("{8BC9CEB8-8B4A-11D0-8D11-00A0C91BC942}") = "MultiGumballMachineWithState", "MultiGumballMachineWithState\MultiGumballMachineWithState.vcxproj", "{8A383BD9-57EA-44BE-AD31-94D84BF8C6B8}"
EndProject
Project("{8BC9CEB8-8B4A-11D0-8D11-00A0C91BC942}") = "tests", "tests\tests.vcxproj", "{1655CD5C-9C2A-4A9E-90A7-BAEB26337C58}"
EndProject
Global
	GlobalSection(SolutionConfigurationPlatforms) = preSolution
		Debug|x64 = Debug|x64
		Debug|x86 = Debug|x86
		Release|x64 = Release|x64
		Release|x86 = Release|x86
	EndGlobalSection
	GlobalSection(ProjectConfigurationPlatforms) = postSolution
		{8A383BD9-57EA-44BE-AD31-94D84BF8C6B8}.Debug|x64.ActiveCfg = Debug|x64
		{8A383BD9-57EA-44BE-AD31-94D84BF8C6B8}.Debug|x64.Build.0 = Debug|x64
		{8A383BD9-57EA-44BE-AD31-94D84BF8C6B8}.Debug|x86.ActiveCfg = Debug|Win32
		{8A383BD9-57EA-44BE-AD31-94D84BF8C6B8}.Debug|x86.Build.0 = Debug|Win32
		{8A383BD9-57EA-44BE-AD31-94D84BF8C6B8}.Release|x64.ActiveCfg = Release|x64
		{8A383BD9-57EA-44BE-AD31-94D84BF8C6B8}.Release|x64.Build.0 = Release|x64
		{8A383BD9-57EA-44BE-AD31-94D84BF8C6B8}.Release|x86.ActiveCfg = Release|Win32
		{8A383BD9-57EA-44BE-AD31-94D84BF8C6B8}.Release|x86.Build.0 = Release|Win32
		{1655CD5C-9C2A-4A9E-90A7-BAEB26337C58}.Debug|x64.ActiveCfg = Debug|x64
		{1655CD5C-9C2A-4A9E-90A7-BAEB26337C58}.Debug|x64.Build.0 = Debug|x64
		{1655CD5C-9C2A-4A9E-90A7-BAEB26337C58}.Debug|x86.ActiveCfg = Debug|Win32
		{1655CD5C-9C2A-4A9E-90A7-BAEB26337C58}.Debug|x86.Build.0 = Debug|Win32
		{1655CD5C-9C2A-4A9E-90A7-BAEB26337C58}.Release|x64.ActiveCfg = Release|x64
		{1655CD5C-9C2A-4A9E-90A7-BAEB26337C58}.Release|x64.Build.0 = Release|x64
		{1655CD5C-9C2A-4A9E-90A7-BAEB26337C58}.Release|x86.ActiveCfg = Release|Win32
		{1655CD5C-9C2A-4A9E-90A7-BAEB26337C58}.Release|x86.Build.0 = Release|Win32
	EndGlobalSection
	GlobalSection(SolutionProperties) = preSolution
		HideSolutionNode = FALSE
	EndGlobalSection
	GlobalSection(ExtensibilityGlobals) = postSolution
		SolutionGuid = {EFA6C634-A892-4178-A245-8D84EC00ABC2}
	EndGlobalSection
EndGlobal
