
Microsoft Visual Studio Solution File, Format Version 12.00
# Visual Studio 15
VisualStudioVersion = 15.0.28307.705
MinimumVisualStudioVersion = 10.0.40219.1
Project("{8BC9CEB8-8B4A-11D0-8D11-00A0C91BC942}") = "WeatherStationDuo", "WeatherStationDuo\WeatherStationDuo.vcxproj", "{AA846EBF-3103-4B28-B82A-6AB3822B8EEA}"
EndProject
Project("{8BC9CEB8-8B4A-11D0-8D11-00A0C91BC942}") = "tests", "tests\tests.vcxproj", "{488F6565-2843-42AF-B227-04D96010A95C}"
EndProject
Global
	GlobalSection(SolutionConfigurationPlatforms) = preSolution
		Debug|x64 = Debug|x64
		Debug|x86 = Debug|x86
		Release|x64 = Release|x64
		Release|x86 = Release|x86
	EndGlobalSection
	GlobalSection(ProjectConfigurationPlatforms) = postSolution
		{AA846EBF-3103-4B28-B82A-6AB3822B8EEA}.Debug|x64.ActiveCfg = Debug|x64
		{AA846EBF-3103-4B28-B82A-6AB3822B8EEA}.Debug|x64.Build.0 = Debug|x64
		{AA846EBF-3103-4B28-B82A-6AB3822B8EEA}.Debug|x86.ActiveCfg = Debug|Win32
		{AA846EBF-3103-4B28-B82A-6AB3822B8EEA}.Debug|x86.Build.0 = Debug|Win32
		{AA846EBF-3103-4B28-B82A-6AB3822B8EEA}.Release|x64.ActiveCfg = Release|x64
		{AA846EBF-3103-4B28-B82A-6AB3822B8EEA}.Release|x64.Build.0 = Release|x64
		{AA846EBF-3103-4B28-B82A-6AB3822B8EEA}.Release|x86.ActiveCfg = Release|Win32
		{AA846EBF-3103-4B28-B82A-6AB3822B8EEA}.Release|x86.Build.0 = Release|Win32
		{488F6565-2843-42AF-B227-04D96010A95C}.Debug|x64.ActiveCfg = Debug|x64
		{488F6565-2843-42AF-B227-04D96010A95C}.Debug|x64.Build.0 = Debug|x64
		{488F6565-2843-42AF-B227-04D96010A95C}.Debug|x86.ActiveCfg = Debug|Win32
		{488F6565-2843-42AF-B227-04D96010A95C}.Debug|x86.Build.0 = Debug|Win32
		{488F6565-2843-42AF-B227-04D96010A95C}.Release|x64.ActiveCfg = Release|x64
		{488F6565-2843-42AF-B227-04D96010A95C}.Release|x64.Build.0 = Release|x64
		{488F6565-2843-42AF-B227-04D96010A95C}.Release|x86.ActiveCfg = Release|Win32
		{488F6565-2843-42AF-B227-04D96010A95C}.Release|x86.Build.0 = Release|Win32
	EndGlobalSection
	GlobalSection(SolutionProperties) = preSolution
		HideSolutionNode = FALSE
	EndGlobalSection
	GlobalSection(ExtensibilityGlobals) = postSolution
		SolutionGuid = {0454177D-1BB0-48AB-9677-6206C30CF64A}
	EndGlobalSection
EndGlobal
