<?xml version="1.0" encoding="utf-8"?>
<Project ToolsVersion="4.0" xmlns="http://schemas.microsoft.com/developer/msbuild/2003">
  <ItemGroup>
    <Filter Include="Исходные файлы">
      <UniqueIdentifier>{4FC737F1-C7A5-4376-A066-2A32D752A2FF}</UniqueIdentifier>
      <Extensions>cpp;c;cc;cxx;def;odl;idl;hpj;bat;asm;asmx</Extensions>
    </Filter>
    <Filter Include="Файлы ресурсов">
      <UniqueIdentifier>{67DA6AB6-F800-4c08-8B7A-83BB121AAD01}</UniqueIdentifier>
      <Extensions>rc;ico;cur;bmp;dlg;rc2;rct;bin;rgs;gif;jpg;jpeg;jpe;resx;tiff;tif;png;wav;mfcribbon-ms</Extensions>
    </Filter>
    <Filter Include="Utils">
      <UniqueIdentifier>{5dc40736-7335-4cb5-b64d-f655112469ca}</UniqueIdentifier>
    </Filter>
  </ItemGroup>
  <ItemGroup>
    <ClCompile Include="..\Factory\Designer.cpp">
      <Filter>Исходные файлы</Filter>
    </ClCompile>
    <ClCompile Include="..\Factory\Ellipse.cpp">
      <Filter>Исходные файлы</Filter>
    </ClCompile>
    <ClCompile Include="..\Factory\Painter.cpp">
      <Filter>Исходные файлы</Filter>
    </ClCompile>
    <ClCompile Include="..\Factory\PictureDraft.cpp">
      <Filter>Исходные файлы</Filter>
    </ClCompile>
    <ClCompile Include="..\Factory\Rectangle.cpp">
      <Filter>Исходные файлы</Filter>
    </ClCompile>
    <ClCompile Include="..\Factory\RegularPolygon.cpp">
      <Filter>Исходные файлы</Filter>
    </ClCompile>
    <ClCompile Include="..\Factory\Shape.cpp">
      <Filter>Исходные файлы</Filter>
    </ClCompile>
    <ClCompile Include="..\Factory\Triangle.cpp">
      <Filter>Исходные файлы</Filter>
    </ClCompile>
    <ClCompile Include="shapesTests.cpp" />
    <ClCompile Include="MockCanvas.cpp">
      <Filter>Utils</Filter>
    </ClCompile>
    <ClCompile Include="painterTests.cpp" />
    <ClCompile Include="factoryTests.cpp" />
    <ClCompile Include="..\Factory\ShapeFactory.cpp">
      <Filter>Исходные файлы</Filter>
    </ClCompile>
    <ClCompile Include="testsUtils.cpp">
      <Filter>Utils</Filter>
    </ClCompile>
    <ClCompile Include="designerTests.cpp" />
    <ClCompile Include="MockShapeFactory.cpp">
      <Filter>Utils</Filter>
    </ClCompile>
    <ClCompile Include="MockShape.cpp">
      <Filter>Utils</Filter>
    </ClCompile>
    <ClCompile Include="draftTests.cpp" />
    <ClCompile Include="clientTests.cpp" />
    <ClCompile Include="..\Factory\Client.cpp">
      <Filter>Исходные файлы</Filter>
    </ClCompile>
  </ItemGroup>
  <ItemGroup>
    <ClInclude Include="MockCanvas.h">
      <Filter>Utils</Filter>
    </ClInclude>
    <ClInclude Include="testsUtils.h">
      <Filter>Utils</Filter>
    </ClInclude>
    <ClInclude Include="MockShape.h">
      <Filter>Utils</Filter>
    </ClInclude>
    <ClInclude Include="MockShapeFactory.h">
      <Filter>Utils</Filter>
    </ClInclude>
  </ItemGroup>
</Project>