
Microsoft Visual Studio Solution File, Format Version 12.00
# Visual Studio 15
VisualStudioVersion = 15.0.28307.705
MinimumVisualStudioVersion = 10.0.40219.1
Project("{8BC9CEB8-8B4A-11D0-8D11-00A0C91BC942}") = "NaiveMultiGumballMachine", "NaiveMultiGumballMachine\NaiveMultiGumballMachine.vcxproj", "{6490A38C-CB97-487C-B180-4ED9911AF595}"
EndProject
Project("{8BC9CEB8-8B4A-11D0-8D11-00A0C91BC942}") = "tests", "tests\tests.vcxproj", "{C1F05040-3324-457A-BCB9-3931082C04F7}"
EndProject
Global
	GlobalSection(SolutionConfigurationPlatforms) = preSolution
		Debug|x64 = Debug|x64
		Debug|x86 = Debug|x86
		Release|x64 = Release|x64
		Release|x86 = Release|x86
	EndGlobalSection
	GlobalSection(ProjectConfigurationPlatforms) = postSolution
		{6490A38C-CB97-487C-B180-4ED9911AF595}.Debug|x64.ActiveCfg = Debug|x64
		{6490A38C-CB97-487C-B180-4ED9911AF595}.Debug|x64.Build.0 = Debug|x64
		{6490A38C-CB97-487C-B180-4ED9911AF595}.Debug|x86.ActiveCfg = Debug|Win32
		{6490A38C-CB97-487C-B180-4ED9911AF595}.Debug|x86.Build.0 = Debug|Win32
		{6490A38C-CB97-487C-B180-4ED9911AF595}.Release|x64.ActiveCfg = Release|x64
		{6490A38C-CB97-487C-B180-4ED9911AF595}.Release|x64.Build.0 = Release|x64
		{6490A38C-CB97-487C-B180-4ED9911AF595}.Release|x86.ActiveCfg = Release|Win32
		{6490A38C-CB97-487C-B180-4ED9911AF595}.Release|x86.Build.0 = Release|Win32
		{C1F05040-3324-457A-BCB9-3931082C04F7}.Debug|x64.ActiveCfg = Debug|x64
		{C1F05040-3324-457A-BCB9-3931082C04F7}.Debug|x64.Build.0 = Debug|x64
		{C1F05040-3324-457A-BCB9-3931082C04F7}.Debug|x86.ActiveCfg = Debug|Win32
		{C1F05040-3324-457A-BCB9-3931082C04F7}.Debug|x86.Build.0 = Debug|Win32
		{C1F05040-3324-457A-BCB9-3931082C04F7}.Release|x64.ActiveCfg = Release|x64
		{C1F05040-3324-457A-BCB9-3931082C04F7}.Release|x64.Build.0 = Release|x64
		{C1F05040-3324-457A-BCB9-3931082C04F7}.Release|x86.ActiveCfg = Release|Win32
		{C1F05040-3324-457A-BCB9-3931082C04F7}.Release|x86.Build.0 = Release|Win32
	EndGlobalSection
	GlobalSection(SolutionProperties) = preSolution
		HideSolutionNode = FALSE
	EndGlobalSection
	GlobalSection(ExtensibilityGlobals) = postSolution
		SolutionGuid = {4969810C-B854-42EA-B51D-DC4EBEDF82CE}
	EndGlobalSection
EndGlobal
